// !$*UTF8*$!
{
	archiveVersion = 1;
	classes = {
	};
	objectVersion = 55;
	objects = {

/* Begin PBXBuildFile section */
		58C354A128E45E2800E9CB31 /* AppDelegate.swift in Sources */ = {isa = PBXBuildFile; fileRef = 58C354A028E45E2800E9CB31 /* AppDelegate.swift */; };
		58C354A328E45E2800E9CB31 /* SceneDelegate.swift in Sources */ = {isa = PBXBuildFile; fileRef = 58C354A228E45E2800E9CB31 /* SceneDelegate.swift */; };
		58C354A528E45E2800E9CB31 /* ViewController.swift in Sources */ = {isa = PBXBuildFile; fileRef = 58C354A428E45E2800E9CB31 /* ViewController.swift */; };
		58C354A828E45E2800E9CB31 /* Main.storyboard in Resources */ = {isa = PBXBuildFile; fileRef = 58C354A628E45E2800E9CB31 /* Main.storyboard */; };
		58C354AA28E45E2A00E9CB31 /* Assets.xcassets in Resources */ = {isa = PBXBuildFile; fileRef = 58C354A928E45E2A00E9CB31 /* Assets.xcassets */; };
		58C354AD28E45E2A00E9CB31 /* LaunchScreen.storyboard in Resources */ = {isa = PBXBuildFile; fileRef = 58C354AB28E45E2A00E9CB31 /* LaunchScreen.storyboard */; };
		58C354B828E45E2A00E9CB31 /* AlertProjectTests.swift in Sources */ = {isa = PBXBuildFile; fileRef = 58C354B728E45E2A00E9CB31 /* AlertProjectTests.swift */; };
		58C354C228E45E2A00E9CB31 /* AlertProjectUITests.swift in Sources */ = {isa = PBXBuildFile; fileRef = 58C354C128E45E2A00E9CB31 /* AlertProjectUITests.swift */; };
		58C354C428E45E2A00E9CB31 /* AlertProjectUITestsLaunchTests.swift in Sources */ = {isa = PBXBuildFile; fileRef = 58C354C328E45E2A00E9CB31 /* AlertProjectUITestsLaunchTests.swift */; };
/* End PBXBuildFile section */

/* Begin PBXContainerItemProxy section */
		58C354B428E45E2A00E9CB31 /* PBXContainerItemProxy */ = {
			isa = PBXContainerItemProxy;
			containerPortal = 58C3549528E45E2800E9CB31 /* Project object */;
			proxyType = 1;
			remoteGlobalIDString = 58C3549C28E45E2800E9CB31;
			remoteInfo = AlertProject;
		};
		58C354BE28E45E2A00E9CB31 /* PBXContainerItemProxy */ = {
			isa = PBXContainerItemProxy;
			containerPortal = 58C3549528E45E2800E9CB31 /* Project object */;
			proxyType = 1;
			remoteGlobalIDString = 58C3549C28E45E2800E9CB31;
			remoteInfo = AlertProject;
		};
/* End PBXContainerItemProxy section */

/* Begin PBXFileReference section */
		58C3549D28E45E2800E9CB31 /* AlertProject.app */ = {isa = PBXFileReference; explicitFileType = wrapper.application; includeInIndex = 0; path = AlertProject.app; sourceTree = BUILT_PRODUCTS_DIR; };
		58C354A028E45E2800E9CB31 /* AppDelegate.swift */ = {isa = PBXFileReference; lastKnownFileType = sourcecode.swift; path = AppDelegate.swift; sourceTree = "<group>"; };
		58C354A228E45E2800E9CB31 /* SceneDelegate.swift */ = {isa = PBXFileReference; lastKnownFileType = sourcecode.swift; path = SceneDelegate.swift; sourceTree = "<group>"; };
		58C354A428E45E2800E9CB31 /* ViewController.swift */ = {isa = PBXFileReference; lastKnownFileType = sourcecode.swift; path = ViewController.swift; sourceTree = "<group>"; };
		58C354A728E45E2800E9CB31 /* Base */ = {isa = PBXFileReference; lastKnownFileType = file.storyboard; name = Base; path = Base.lproj/Main.storyboard; sourceTree = "<group>"; };
		58C354A928E45E2A00E9CB31 /* Assets.xcassets */ = {isa = PBXFileReference; lastKnownFileType = folder.assetcatalog; path = Assets.xcassets; sourceTree = "<group>"; };
		58C354AC28E45E2A00E9CB31 /* Base */ = {isa = PBXFileReference; lastKnownFileType = file.storyboard; name = Base; path = Base.lproj/LaunchScreen.storyboard; sourceTree = "<group>"; };
		58C354AE28E45E2A00E9CB31 /* Info.plist */ = {isa = PBXFileReference; lastKnownFileType = text.plist.xml; path = Info.plist; sourceTree = "<group>"; };
		58C354B328E45E2A00E9CB31 /* AlertProjectTests.xctest */ = {isa = PBXFileReference; explicitFileType = wrapper.cfbundle; includeInIndex = 0; path = AlertProjectTests.xctest; sourceTree = BUILT_PRODUCTS_DIR; };
		58C354B728E45E2A00E9CB31 /* AlertProjectTests.swift */ = {isa = PBXFileReference; lastKnownFileType = sourcecode.swift; path = AlertProjectTests.swift; sourceTree = "<group>"; };
		58C354BD28E45E2A00E9CB31 /* AlertProjectUITests.xctest */ = {isa = PBXFileReference; explicitFileType = wrapper.cfbundle; includeInIndex = 0; path = AlertProjectUITests.xctest; sourceTree = BUILT_PRODUCTS_DIR; };
		58C354C128E45E2A00E9CB31 /* AlertProjectUITests.swift */ = {isa = PBXFileReference; lastKnownFileType = sourcecode.swift; path = AlertProjectUITests.swift; sourceTree = "<group>"; };
		58C354C328E45E2A00E9CB31 /* AlertProjectUITestsLaunchTests.swift */ = {isa = PBXFileReference; lastKnownFileType = sourcecode.swift; path = AlertProjectUITestsLaunchTests.swift; sourceTree = "<group>"; };
/* End PBXFileReference section */

/* Begin PBXFrameworksBuildPhase section */
		58C3549A28E45E2800E9CB31 /* Frameworks */ = {
			isa = PBXFrameworksBuildPhase;
			buildActionMask = 2147483647;
			files = (
			);
			runOnlyForDeploymentPostprocessing = 0;
		};
		58C354B028E45E2A00E9CB31 /* Frameworks */ = {
			isa = PBXFrameworksBuildPhase;
			buildActionMask = 2147483647;
			files = (
			);
			runOnlyForDeploymentPostprocessing = 0;
		};
		58C354BA28E45E2A00E9CB31 /* Frameworks */ = {
			isa = PBXFrameworksBuildPhase;
			buildActionMask = 2147483647;
			files = (
			);
			runOnlyForDeploymentPostprocessing = 0;
		};
/* End PBXFrameworksBuildPhase section */

/* Begin PBXGroup section */
		58C3549428E45E2800E9CB31 = {
			isa = PBXGroup;
			children = (
				58C3549F28E45E2800E9CB31 /* AlertProject */,
				58C354B628E45E2A00E9CB31 /* AlertProjectTests */,
				58C354C028E45E2A00E9CB31 /* AlertProjectUITests */,
				58C3549E28E45E2800E9CB31 /* Products */,
			);
			sourceTree = "<group>";
		};
		58C3549E28E45E2800E9CB31 /* Products */ = {
			isa = PBXGroup;
			children = (
				58C3549D28E45E2800E9CB31 /* AlertProject.app */,
				58C354B328E45E2A00E9CB31 /* AlertProjectTests.xctest */,
				58C354BD28E45E2A00E9CB31 /* AlertProjectUITests.xctest */,
			);
			name = Products;
			sourceTree = "<group>";
		};
		58C3549F28E45E2800E9CB31 /* AlertProject */ = {
			isa = PBXGroup;
			children = (
				58C354A028E45E2800E9CB31 /* AppDelegate.swift */,
				58C354A228E45E2800E9CB31 /* SceneDelegate.swift */,
				58C354A428E45E2800E9CB31 /* ViewController.swift */,
				58C354A628E45E2800E9CB31 /* Main.storyboard */,
				58C354A928E45E2A00E9CB31 /* Assets.xcassets */,
				58C354AB28E45E2A00E9CB31 /* LaunchScreen.storyboard */,
				58C354AE28E45E2A00E9CB31 /* Info.plist */,
			);
			path = AlertProject;
			sourceTree = "<group>";
		};
		58C354B628E45E2A00E9CB31 /* AlertProjectTests */ = {
			isa = PBXGroup;
			children = (
				58C354B728E45E2A00E9CB31 /* AlertProjectTests.swift */,
			);
			path = AlertProjectTests;
			sourceTree = "<group>";
		};
		58C354C028E45E2A00E9CB31 /* AlertProjectUITests */ = {
			isa = PBXGroup;
			children = (
				58C354C128E45E2A00E9CB31 /* AlertProjectUITests.swift */,
				58C354C328E45E2A00E9CB31 /* AlertProjectUITestsLaunchTests.swift */,
			);
			path = AlertProjectUITests;
			sourceTree = "<group>";
		};
/* End PBXGroup section */

/* Begin PBXNativeTarget section */
		58C3549C28E45E2800E9CB31 /* AlertProject */ = {
			isa = PBXNativeTarget;
			buildConfigurationList = 58C354C728E45E2A00E9CB31 /* Build configuration list for PBXNativeTarget "AlertProject" */;
			buildPhases = (
				58C3549928E45E2800E9CB31 /* Sources */,
				58C3549A28E45E2800E9CB31 /* Frameworks */,
				58C3549B28E45E2800E9CB31 /* Resources */,
			);
			buildRules = (
			);
			dependencies = (
			);
			name = AlertProject;
			productName = AlertProject;
			productReference = 58C3549D28E45E2800E9CB31 /* AlertProject.app */;
			productType = "com.apple.product-type.application";
		};
		58C354B228E45E2A00E9CB31 /* AlertProjectTests */ = {
			isa = PBXNativeTarget;
			buildConfigurationList = 58C354CA28E45E2A00E9CB31 /* Build configuration list for PBXNativeTarget "AlertProjectTests" */;
			buildPhases = (
				58C354AF28E45E2A00E9CB31 /* Sources */,
				58C354B028E45E2A00E9CB31 /* Frameworks */,
				58C354B128E45E2A00E9CB31 /* Resources */,
			);
			buildRules = (
			);
			dependencies = (
				58C354B528E45E2A00E9CB31 /* PBXTargetDependency */,
			);
			name = AlertProjectTests;
			productName = AlertProjectTests;
			productReference = 58C354B328E45E2A00E9CB31 /* AlertProjectTests.xctest */;
			productType = "com.apple.product-type.bundle.unit-test";
		};
		58C354BC28E45E2A00E9CB31 /* AlertProjectUITests */ = {
			isa = PBXNativeTarget;
			buildConfigurationList = 58C354CD28E45E2A00E9CB31 /* Build configuration list for PBXNativeTarget "AlertProjectUITests" */;
			buildPhases = (
				58C354B928E45E2A00E9CB31 /* Sources */,
				58C354BA28E45E2A00E9CB31 /* Frameworks */,
				58C354BB28E45E2A00E9CB31 /* Resources */,
			);
			buildRules = (
			);
			dependencies = (
				58C354BF28E45E2A00E9CB31 /* PBXTargetDependency */,
			);
			name = AlertProjectUITests;
			productName = AlertProjectUITests;
			productReference = 58C354BD28E45E2A00E9CB31 /* AlertProjectUITests.xctest */;
			productType = "com.apple.product-type.bundle.ui-testing";
		};
/* End PBXNativeTarget section */

/* Begin PBXProject section */
		58C3549528E45E2800E9CB31 /* Project object */ = {
			isa = PBXProject;
			attributes = {
				BuildIndependentTargetsInParallel = 1;
				LastSwiftUpdateCheck = 1340;
				LastUpgradeCheck = 1340;
				TargetAttributes = {
					58C3549C28E45E2800E9CB31 = {
						CreatedOnToolsVersion = 13.4.1;
					};
					58C354B228E45E2A00E9CB31 = {
						CreatedOnToolsVersion = 13.4.1;
						TestTargetID = 58C3549C28E45E2800E9CB31;
					};
					58C354BC28E45E2A00E9CB31 = {
						CreatedOnToolsVersion = 13.4.1;
						TestTargetID = 58C3549C28E45E2800E9CB31;
					};
				};
			};
			buildConfigurationList = 58C3549828E45E2800E9CB31 /* Build configuration list for PBXProject "AlertProject" */;
			compatibilityVersion = "Xcode 13.0";
			developmentRegion = en;
			hasScannedForEncodings = 0;
			knownRegions = (
				en,
				Base,
			);
			mainGroup = 58C3549428E45E2800E9CB31;
			productRefGroup = 58C3549E28E45E2800E9CB31 /* Products */;
			projectDirPath = "";
			projectRoot = "";
			targets = (
				58C3549C28E45E2800E9CB31 /* AlertProject */,
				58C354B228E45E2A00E9CB31 /* AlertProjectTests */,
				58C354BC28E45E2A00E9CB31 /* AlertProjectUITests */,
			);
		};
/* End PBXProject section */

/* Begin PBXResourcesBuildPhase section */
		58C3549B28E45E2800E9CB31 /* Resources */ = {
			isa = PBXResourcesBuildPhase;
			buildActionMask = 2147483647;
			files = (
				58C354AD28E45E2A00E9CB31 /* LaunchScreen.storyboard in Resources */,
				58C354AA28E45E2A00E9CB31 /* Assets.xcassets in Resources */,
				58C354A828E45E2800E9CB31 /* Main.storyboard in Resources */,
			);
			runOnlyForDeploymentPostprocessing = 0;
		};
		58C354B128E45E2A00E9CB31 /* Resources */ = {
			isa = PBXResourcesBuildPhase;
			buildActionMask = 2147483647;
			files = (
			);
			runOnlyForDeploymentPostprocessing = 0;
		};
		58C354BB28E45E2A00E9CB31 /* Resources */ = {
			isa = PBXResourcesBuildPhase;
			buildActionMask = 2147483647;
			files = (
			);
			runOnlyForDeploymentPostprocessing = 0;
		};
/* End PBXResourcesBuildPhase section */

/* Begin PBXSourcesBuildPhase section */
		58C3549928E45E2800E9CB31 /* Sources */ = {
			isa = PBXSourcesBuildPhase;
			buildActionMask = 2147483647;
			files = (
				58C354A528E45E2800E9CB31 /* ViewController.swift in Sources */,
				58C354A128E45E2800E9CB31 /* AppDelegate.swift in Sources */,
				58C354A328E45E2800E9CB31 /* SceneDelegate.swift in Sources */,
			);
			runOnlyForDeploymentPostprocessing = 0;
		};
		58C354AF28E45E2A00E9CB31 /* Sources */ = {
			isa = PBXSourcesBuildPhase;
			buildActionMask = 2147483647;
			files = (
				58C354B828E45E2A00E9CB31 /* AlertProjectTests.swift in Sources */,
			);
			runOnlyForDeploymentPostprocessing = 0;
		};
		58C354B928E45E2A00E9CB31 /* Sources */ = {
			isa = PBXSourcesBuildPhase;
			buildActionMask = 2147483647;
			files = (
				58C354C228E45E2A00E9CB31 /* AlertProjectUITests.swift in Sources */,
				58C354C428E45E2A00E9CB31 /* AlertProjectUITestsLaunchTests.swift in Sources */,
			);
			runOnlyForDeploymentPostprocessing = 0;
		};
/* End PBXSourcesBuildPhase section */

/* Begin PBXTargetDependency section */
		58C354B528E45E2A00E9CB31 /* PBXTargetDependency */ = {
			isa = PBXTargetDependency;
			target = 58C3549C28E45E2800E9CB31 /* AlertProject */;
			targetProxy = 58C354B428E45E2A00E9CB31 /* PBXContainerItemProxy */;
		};
		58C354BF28E45E2A00E9CB31 /* PBXTargetDependency */ = {
			isa = PBXTargetDependency;
			target = 58C3549C28E45E2800E9CB31 /* AlertProject */;
			targetProxy = 58C354BE28E45E2A00E9CB31 /* PBXContainerItemProxy */;
		};
/* End PBXTargetDependency section */

/* Begin PBXVariantGroup section */
		58C354A628E45E2800E9CB31 /* Main.storyboard */ = {
			isa = PBXVariantGroup;
			children = (
				58C354A728E45E2800E9CB31 /* Base */,
			);
			name = Main.storyboard;
			sourceTree = "<group>";
		};
		58C354AB28E45E2A00E9CB31 /* LaunchScreen.storyboard */ = {
			isa = PBXVariantGroup;
			children = (
				58C354AC28E45E2A00E9CB31 /* Base */,
			);
			name = LaunchScreen.storyboard;
			sourceTree = "<group>";
		};
/* End PBXVariantGroup section */

/* Begin XCBuildConfiguration section */
		58C354C528E45E2A00E9CB31 /* Debug */ = {
			isa = XCBuildConfiguration;
			buildSettings = {
				ALWAYS_SEARCH_USER_PATHS = NO;
				CLANG_ANALYZER_NONNULL = YES;
				CLANG_ANALYZER_NUMBER_OBJECT_CONVERSION = YES_AGGRESSIVE;
				CLANG_CXX_LANGUAGE_STANDARD = "gnu++17";
				CLANG_ENABLE_MODULES = YES;
				CLANG_ENABLE_OBJC_ARC = YES;
				CLANG_ENABLE_OBJC_WEAK = YES;
				CLANG_WARN_BLOCK_CAPTURE_AUTORELEASING = YES;
				CLANG_WARN_BOOL_CONVERSION = YES;
				CLANG_WARN_COMMA = YES;
				CLANG_WARN_CONSTANT_CONVERSION = YES;
				CLANG_WARN_DEPRECATED_OBJC_IMPLEMENTATIONS = YES;
				CLANG_WARN_DIRECT_OBJC_ISA_USAGE = YES_ERROR;
				CLANG_WARN_DOCUMENTATION_COMMENTS = YES;
				CLANG_WARN_EMPTY_BODY = YES;
				CLANG_WARN_ENUM_CONVERSION = YES;
				CLANG_WARN_INFINITE_RECURSION = YES;
				CLANG_WARN_INT_CONVERSION = YES;
				CLANG_WARN_NON_LITERAL_NULL_CONVERSION = YES;
				CLANG_WARN_OBJC_IMPLICIT_RETAIN_SELF = YES;
				CLANG_WARN_OBJC_LITERAL_CONVERSION = YES;
				CLANG_WARN_OBJC_ROOT_CLASS = YES_ERROR;
				CLANG_WARN_QUOTED_INCLUDE_IN_FRAMEWORK_HEADER = YES;
				CLANG_WARN_RANGE_LOOP_ANALYSIS = YES;
				CLANG_WARN_STRICT_PROTOTYPES = YES;
				CLANG_WARN_SUSPICIOUS_MOVE = YES;
				CLANG_WARN_UNGUARDED_AVAILABILITY = YES_AGGRESSIVE;
				CLANG_WARN_UNREACHABLE_CODE = YES;
				CLANG_WARN__DUPLICATE_METHOD_MATCH = YES;
				COPY_PHASE_STRIP = NO;
				DEBUG_INFORMATION_FORMAT = dwarf;
				ENABLE_STRICT_OBJC_MSGSEND = YES;
				ENABLE_TESTABILITY = YES;
				GCC_C_LANGUAGE_STANDARD = gnu11;
				GCC_DYNAMIC_NO_PIC = NO;
				GCC_NO_COMMON_BLOCKS = YES;
				GCC_OPTIMIZATION_LEVEL = 0;
				GCC_PREPROCESSOR_DEFINITIONS = (
					"DEBUG=1",
					"$(inherited)",
				);
				GCC_WARN_64_TO_32_BIT_CONVERSION = YES;
				GCC_WARN_ABOUT_RETURN_TYPE = YES_ERROR;
				GCC_WARN_UNDECLARED_SELECTOR = YES;
				GCC_WARN_UNINITIALIZED_AUTOS = YES_AGGRESSIVE;
				GCC_WARN_UNUSED_FUNCTION = YES;
				GCC_WARN_UNUSED_VARIABLE = YES;
				IPHONEOS_DEPLOYMENT_TARGET = 15.5;
				MTL_ENABLE_DEBUG_INFO = INCLUDE_SOURCE;
				MTL_FAST_MATH = YES;
				ONLY_ACTIVE_ARCH = YES;
				SDKROOT = iphoneos;
				SWIFT_ACTIVE_COMPILATION_CONDITIONS = DEBUG;
				SWIFT_OPTIMIZATION_LEVEL = "-Onone";
			};
			name = Debug;
		};
		58C354C628E45E2A00E9CB31 /* Release */ = {
			isa = XCBuildConfiguration;
			buildSettings = {
				ALWAYS_SEARCH_USER_PATHS = NO;
				CLANG_ANALYZER_NONNULL = YES;
				CLANG_ANALYZER_NUMBER_OBJECT_CONVERSION = YES_AGGRESSIVE;
				CLANG_CXX_LANGUAGE_STANDARD = "gnu++17";
				CLANG_ENABLE_MODULES = YES;
				CLANG_ENABLE_OBJC_ARC = YES;
				CLANG_ENABLE_OBJC_WEAK = YES;
				CLANG_WARN_BLOCK_CAPTURE_AUTORELEASING = YES;
				CLANG_WARN_BOOL_CONVERSION = YES;
				CLANG_WARN_COMMA = YES;
				CLANG_WARN_CONSTANT_CONVERSION = YES;
				CLANG_WARN_DEPRECATED_OBJC_IMPLEMENTATIONS = YES;
				CLANG_WARN_DIRECT_OBJC_ISA_USAGE = YES_ERROR;
				CLANG_WARN_DOCUMENTATION_COMMENTS = YES;
				CLANG_WARN_EMPTY_BODY = YES;
				CLANG_WARN_ENUM_CONVERSION = YES;
				CLANG_WARN_INFINITE_RECURSION = YES;
				CLANG_WARN_INT_CONVERSION = YES;
				CLANG_WARN_NON_LITERAL_NULL_CONVERSION = YES;
				CLANG_WARN_OBJC_IMPLICIT_RETAIN_SELF = YES;
				CLANG_WARN_OBJC_LITERAL_CONVERSION = YES;
				CLANG_WARN_OBJC_ROOT_CLASS = YES_ERROR;
				CLANG_WARN_QUOTED_INCLUDE_IN_FRAMEWORK_HEADER = YES;
				CLANG_WARN_RANGE_LOOP_ANALYSIS = YES;
				CLANG_WARN_STRICT_PROTOTYPES = YES;
				CLANG_WARN_SUSPICIOUS_MOVE = YES;
				CLANG_WARN_UNGUARDED_AVAILABILITY = YES_AGGRESSIVE;
				CLANG_WARN_UNREACHABLE_CODE = YES;
				CLANG_WARN__DUPLICATE_METHOD_MATCH = YES;
				COPY_PHASE_STRIP = NO;
				DEBUG_INFORMATION_FORMAT = "dwarf-with-dsym";
				ENABLE_NS_ASSERTIONS = NO;
				ENABLE_STRICT_OBJC_MSGSEND = YES;
				GCC_C_LANGUAGE_STANDARD = gnu11;
				GCC_NO_COMMON_BLOCKS = YES;
				GCC_WARN_64_TO_32_BIT_CONVERSION = YES;
				GCC_WARN_ABOUT_RETURN_TYPE = YES_ERROR;
				GCC_WARN_UNDECLARED_SELECTOR = YES;
				GCC_WARN_UNINITIALIZED_AUTOS = YES_AGGRESSIVE;
				GCC_WARN_UNUSED_FUNCTION = YES;
				GCC_WARN_UNUSED_VARIABLE = YES;
				IPHONEOS_DEPLOYMENT_TARGET = 15.5;
				MTL_ENABLE_DEBUG_INFO = NO;
				MTL_FAST_MATH = YES;
				SDKROOT = iphoneos;
				SWIFT_COMPILATION_MODE = wholemodule;
				SWIFT_OPTIMIZATION_LEVEL = "-O";
				VALIDATE_PRODUCT = YES;
			};
			name = Release;
		};
		58C354C828E45E2A00E9CB31 /* Debug */ = {
			isa = XCBuildConfiguration;
			buildSettings = {
				ASSETCATALOG_COMPILER_APPICON_NAME = AppIcon;
				ASSETCATALOG_COMPILER_GLOBAL_ACCENT_COLOR_NAME = AccentColor;
				CODE_SIGN_STYLE = Automatic;
				CURRENT_PROJECT_VERSION = 1;
				DEVELOPMENT_TEAM = XTYR9RSGCF;
				GENERATE_INFOPLIST_FILE = YES;
				INFOPLIST_FILE = AlertProject/Info.plist;
				INFOPLIST_KEY_UIApplicationSupportsIndirectInputEvents = YES;
				INFOPLIST_KEY_UILaunchStoryboardName = LaunchScreen;
				INFOPLIST_KEY_UIMainStoryboardFile = Main;
				INFOPLIST_KEY_UISupportedInterfaceOrientations_iPad = "UIInterfaceOrientationPortrait UIInterfaceOrientationPortraitUpsideDown UIInterfaceOrientationLandscapeLeft UIInterfaceOrientationLandscapeRight";
				INFOPLIST_KEY_UISupportedInterfaceOrientations_iPhone = "UIInterfaceOrientationPortrait UIInterfaceOrientationLandscapeLeft UIInterfaceOrientationLandscapeRight";
				LD_RUNPATH_SEARCH_PATHS = (
					"$(inherited)",
					"@executable_path/Frameworks",
				);
				MARKETING_VERSION = 1.0;
				PRODUCT_BUNDLE_IDENTIFIER = com.meryemnurturgut.AlertProject;
				PRODUCT_NAME = "$(TARGET_NAME)";
				SWIFT_EMIT_LOC_STRINGS = YES;
				SWIFT_VERSION = 5.0;
				TARGETED_DEVICE_FAMILY = "1,2";
			};
			name = Debug;
		};
		58C354C928E45E2A00E9CB31 /* Release */ = {
			isa = XCBuildConfiguration;
			buildSettings = {
				ASSETCATALOG_COMPILER_APPICON_NAME = AppIcon;
				ASSETCATALOG_COMPILER_GLOBAL_ACCENT_COLOR_NAME = AccentColor;
				CODE_SIGN_STYLE = Automatic;
				CURRENT_PROJECT_VERSION = 1;
				DEVELOPMENT_TEAM = XTYR9RSGCF;
				GENERATE_INFOPLIST_FILE = YES;
				INFOPLIST_FILE = AlertProject/Info.plist;
				INFOPLIST_KEY_UIApplicationSupportsIndirectInputEvents = YES;
				INFOPLIST_KEY_UILaunchStoryboardName = LaunchScreen;
				INFOPLIST_KEY_UIMainStoryboardFile = Main;
				INFOPLIST_KEY_UISupportedInterfaceOrientations_iPad = "UIInterfaceOrientationPortrait UIInterfaceOrientationPortraitUpsideDown UIInterfaceOrientationLandscapeLeft UIInterfaceOrientationLandscapeRight";
				INFOPLIST_KEY_UISupportedInterfaceOrientations_iPhone = "UIInterfaceOrientationPortrait UIInterfaceOrientationLandscapeLeft UIInterfaceOrientationLandscapeRight";
				LD_RUNPATH_SEARCH_PATHS = (
					"$(inherited)",
					"@executable_path/Frameworks",
				);
				MARKETING_VERSION = 1.0;
				PRODUCT_BUNDLE_IDENTIFIER = com.meryemnurturgut.AlertProject;
				PRODUCT_NAME = "$(TARGET_NAME)";
				SWIFT_EMIT_LOC_STRINGS = YES;
				SWIFT_VERSION = 5.0;
				TARGETED_DEVICE_FAMILY = "1,2";
			};
			name = Release;
		};
		58C354CB28E45E2A00E9CB31 /* Debug */ = {
			isa = XCBuildConfiguration;
			buildSettings = {
				ALWAYS_EMBED_SWIFT_STANDARD_LIBRARIES = YES;
				BUNDLE_LOADER = "$(TEST_HOST)";
				CODE_SIGN_STYLE = Automatic;
				CURRENT_PROJECT_VERSION = 1;
				DEVELOPMENT_TEAM = XTYR9RSGCF;
				GENERATE_INFOPLIST_FILE = YES;
				IPHONEOS_DEPLOYMENT_TARGET = 15.5;
				MARKETING_VERSION = 1.0;
				PRODUCT_BUNDLE_IDENTIFIER = com.meryemnurturgut.AlertProjectTests;
				PRODUCT_NAME = "$(TARGET_NAME)";
				SWIFT_EMIT_LOC_STRINGS = NO;
				SWIFT_VERSION = 5.0;
				TARGETED_DEVICE_FAMILY = "1,2";
				TEST_HOST = "$(BUILT_PRODUCTS_DIR)/AlertProject.app/AlertProject";
			};
			name = Debug;
		};
		58C354CC28E45E2A00E9CB31 /* Release */ = {
			isa = XCBuildConfiguration;
			buildSettings = {
				ALWAYS_EMBED_SWIFT_STANDARD_LIBRARIES = YES;
				BUNDLE_LOADER = "$(TEST_HOST)";
				CODE_SIGN_STYLE = Automatic;
				CURRENT_PROJECT_VERSION = 1;
				DEVELOPMENT_TEAM = XTYR9RSGCF;
				GENERATE_INFOPLIST_FILE = YES;
				IPHONEOS_DEPLOYMENT_TARGET = 15.5;
				MARKETING_VERSION = 1.0;
				PRODUCT_BUNDLE_IDENTIFIER = com.meryemnurturgut.AlertProjectTests;
				PRODUCT_NAME = "$(TARGET_NAME)";
				SWIFT_EMIT_LOC_STRINGS = NO;
				SWIFT_VERSION = 5.0;
				TARGETED_DEVICE_FAMILY = "1,2";
				TEST_HOST = "$(BUILT_PRODUCTS_DIR)/AlertProject.app/AlertProject";
			};
			name = Release;
		};
		58C354CE28E45E2A00E9CB31 /* Debug */ = {
			isa = XCBuildConfiguration;
			buildSettings = {
				ALWAYS_EMBED_SWIFT_STANDARD_LIBRARIES = YES;
				CODE_SIGN_STYLE = Automatic;
				CURRENT_PROJECT_VERSION = 1;
				DEVELOPMENT_TEAM = XTYR9RSGCF;
				GENERATE_INFOPLIST_FILE = YES;
				MARKETING_VERSION = 1.0;
				PRODUCT_BUNDLE_IDENTIFIER = com.meryemnurturgut.AlertProjectUITests;
				PRODUCT_NAME = "$(TARGET_NAME)";
				SWIFT_EMIT_LOC_STRINGS = NO;
				SWIFT_VERSION = 5.0;
				TARGETED_DEVICE_FAMILY = "1,2";
				TEST_TARGET_NAME = AlertProject;
			};
			name = Debug;
		};
		58C354CF28E45E2A00E9CB31 /* Release */ = {
			isa = XCBuildConfiguration;
			buildSettings = {
				ALWAYS_EMBED_SWIFT_STANDARD_LIBRARIES = YES;
				CODE_SIGN_STYLE = Automatic;
				CURRENT_PROJECT_VERSION = 1;
				DEVELOPMENT_TEAM = XTYR9RSGCF;
				GENERATE_INFOPLIST_FILE = YES;
				MARKETING_VERSION = 1.0;
				PRODUCT_BUNDLE_IDENTIFIER = com.meryemnurturgut.AlertProjectUITests;
				PRODUCT_NAME = "$(TARGET_NAME)";
				SWIFT_EMIT_LOC_STRINGS = NO;
				SWIFT_VERSION = 5.0;
				TARGETED_DEVICE_FAMILY = "1,2";
				TEST_TARGET_NAME = AlertProject;
			};
			name = Release;
		};
/* End XCBuildConfiguration section */

/* Begin XCConfigurationList section */
		58C3549828E45E2800E9CB31 /* Build configuration list for PBXProject "AlertProject" */ = {
			isa = XCConfigurationList;
			buildConfigurations = (
				58C354C528E45E2A00E9CB31 /* Debug */,
				58C354C628E45E2A00E9CB31 /* Release */,
			);
			defaultConfigurationIsVisible = 0;
			defaultConfigurationName = Release;
		};
		58C354C728E45E2A00E9CB31 /* Build configuration list for PBXNativeTarget "AlertProject" */ = {
			isa = XCConfigurationList;
			buildConfigurations = (
				58C354C828E45E2A00E9CB31 /* Debug */,
				58C354C928E45E2A00E9CB31 /* Release */,
			);
			defaultConfigurationIsVisible = 0;
			defaultConfigurationName = Release;
		};
		58C354CA28E45E2A00E9CB31 /* Build configuration list for PBXNativeTarget "AlertProjectTests" */ = {
			isa = XCConfigurationList;
			buildConfigurations = (
				58C354CB28E45E2A00E9CB31 /* Debug */,
				58C354CC28E45E2A00E9CB31 /* Release */,
			);
			defaultConfigurationIsVisible = 0;
			defaultConfigurationName = Release;
		};
		58C354CD28E45E2A00E9CB31 /* Build configuration list for PBXNativeTarget "AlertProjectUITests" */ = {
			isa = XCConfigurationList;
			buildConfigurations = (
				58C354CE28E45E2A00E9CB31 /* Debug */,
				58C354CF28E45E2A00E9CB31 /* Release */,
			);
			defaultConfigurationIsVisible = 0;
			defaultConfigurationName = Release;
		};
/* End XCConfigurationList section */
	};
	rootObject = 58C3549528E45E2800E9CB31 /* Project object */;
}
